
Microsoft Visual Studio Solution File, Format Version 12.00
# Visual Studio Version 16
VisualStudioVersion = 16.0.29905.134
MinimumVisualStudioVersion = 10.0.40219.1
Project("{FAE04EC0-301F-11D3-BF4B-00C04F79EFBC}") = "WADProj", "WADProj\WADProj.csproj", "{5966C1FC-9D4C-46D3-8B10-DA6C6A304FCE}"
EndProject
Global
	GlobalSection(SolutionConfigurationPlatforms) = preSolution
		Debug|Any CPU = Debug|Any CPU
		Release|Any CPU = Release|Any CPU
	EndGlobalSection
	GlobalSection(ProjectConfigurationPlatforms) = postSolution
		{5966C1FC-9D4C-46D3-8B10-DA6C6A304FCE}.Debug|Any CPU.ActiveCfg = Debug|Any CPU
		{5966C1FC-9D4C-46D3-8B10-DA6C6A304FCE}.Debug|Any CPU.Build.0 = Debug|Any CPU
		{5966C1FC-9D4C-46D3-8B10-DA6C6A304FCE}.Release|Any CPU.ActiveCfg = Release|Any CPU
		{5966C1FC-9D4C-46D3-8B10-DA6C6A304FCE}.Release|Any CPU.Build.0 = Release|Any CPU
	EndGlobalSection
	GlobalSection(SolutionProperties) = preSolution
		HideSolutionNode = FALSE
	EndGlobalSection
	GlobalSection(ExtensibilityGlobals) = postSolution
		SolutionGuid = {F229E92E-0CFD-4E4D-9830-434D9F53D3BF}
	EndGlobalSection
EndGlobal
